
Microsoft Visual Studio Solution File, Format Version 12.00
# Visual Studio Version 16
VisualStudioVersion = 16.0.33328.57
MinimumVisualStudioVersion = 10.0.40219.1
Project("{FAE04EC0-301F-11D3-BF4B-00C04F79EFBC}") = "ASPCoreHomework3_1", "ASPCoreHomework3_1\ASPCoreHomework3_1.csproj", "{C7A39886-F29B-4095-A5AC-FAB0C0EEAF17}"
EndProject
Global
	GlobalSection(SolutionConfigurationPlatforms) = preSolution
		Debug|Any CPU = Debug|Any CPU
		Release|Any CPU = Release|Any CPU
	EndGlobalSection
	GlobalSection(ProjectConfigurationPlatforms) = postSolution
		{C7A39886-F29B-4095-A5AC-FAB0C0EEAF17}.Debug|Any CPU.ActiveCfg = Debug|Any CPU
		{C7A39886-F29B-4095-A5AC-FAB0C0EEAF17}.Debug|Any CPU.Build.0 = Debug|Any CPU
		{C7A39886-F29B-4095-A5AC-FAB0C0EEAF17}.Release|Any CPU.ActiveCfg = Release|Any CPU
		{C7A39886-F29B-4095-A5AC-FAB0C0EEAF17}.Release|Any CPU.Build.0 = Release|Any CPU
	EndGlobalSection
	GlobalSection(SolutionProperties) = preSolution
		HideSolutionNode = FALSE
	EndGlobalSection
	GlobalSection(ExtensibilityGlobals) = postSolution
		SolutionGuid = {DDD35771-F98D-4CCB-AC4C-E5AECE8F4338}
	EndGlobalSection
EndGlobal
